// !$*UTF8*$!
{
	archiveVersion = 1;
	classes = {
	};
	objectVersion = 55;
	objects = {

/* Begin PBXBuildFile section */
		B23F606727B6C460004F38D1 /* WeatherAppApp.swift in Sources */ = {isa = PBXBuildFile; fileRef = B23F606627B6C460004F38D1 /* WeatherAppApp.swift */; };
		B23F606927B6C460004F38D1 /* ContentView.swift in Sources */ = {isa = PBXBuildFile; fileRef = B23F606827B6C460004F38D1 /* ContentView.swift */; };
		B23F606B27B6C464004F38D1 /* Assets.xcassets in Resources */ = {isa = PBXBuildFile; fileRef = B23F606A27B6C464004F38D1 /* Assets.xcassets */; };
		B23F606E27B6C464004F38D1 /* Preview Assets.xcassets in Resources */ = {isa = PBXBuildFile; fileRef = B23F606D27B6C464004F38D1 /* Preview Assets.xcassets */; };
		B23F607A27B6CDED004F38D1 /* API.swift in Sources */ = {isa = PBXBuildFile; fileRef = B23F607927B6CDED004F38D1 /* API.swift */; };
		B23F607C27B6CE71004F38D1 /* API + Extensions.swift in Sources */ = {isa = PBXBuildFile; fileRef = B23F607B27B6CE71004F38D1 /* API + Extensions.swift */; };
		B23F607E27B6D180004F38D1 /* NetworkManager.swift in Sources */ = {isa = PBXBuildFile; fileRef = B23F607D27B6D180004F38D1 /* NetworkManager.swift */; };
		B23F608027B6E730004F38D1 /* WeatherResponse.swift in Sources */ = {isa = PBXBuildFile; fileRef = B23F607F27B6E730004F38D1 /* WeatherResponse.swift */; };
		B23F608227B6E7B4004F38D1 /* Weather.swift in Sources */ = {isa = PBXBuildFile; fileRef = B23F608127B6E7B4004F38D1 /* Weather.swift */; };
		B23F608427B6E7F0004F38D1 /* WeatherDetail.swift in Sources */ = {isa = PBXBuildFile; fileRef = B23F608327B6E7F0004F38D1 /* WeatherDetail.swift */; };
		B23F608627B6E825004F38D1 /* DailyWeather.swift in Sources */ = {isa = PBXBuildFile; fileRef = B23F608527B6E825004F38D1 /* DailyWeather.swift */; };
		B23F608827B6E855004F38D1 /* Temperature.swift in Sources */ = {isa = PBXBuildFile; fileRef = B23F608727B6E855004F38D1 /* Temperature.swift */; };
		B23F608A27B7A5DD004F38D1 /* CityViewViewModel.swift in Sources */ = {isa = PBXBuildFile; fileRef = B23F608927B7A5DD004F38D1 /* CityViewViewModel.swift */; };
		B23F608D27B7C3F4004F38D1 /* Lottie in Frameworks */ = {isa = PBXBuildFile; productRef = B23F608C27B7C3F4004F38D1 /* Lottie */; };
		B23F608F27B7CF2C004F38D1 /* LottieView.swift in Sources */ = {isa = PBXBuildFile; fileRef = B23F608E27B7CF2C004F38D1 /* LottieView.swift */; };
		B23F60A227B7DC8C004F38D1 /* dayClearSky.json in Resources */ = {isa = PBXBuildFile; fileRef = B23F609027B7DC89004F38D1 /* dayClearSky.json */; };
		B23F60A327B7DC8C004F38D1 /* dayThunderstorm.json in Resources */ = {isa = PBXBuildFile; fileRef = B23F609127B7DC89004F38D1 /* dayThunderstorm.json */; };
		B23F60A427B7DC8C004F38D1 /* nightClearSky.json in Resources */ = {isa = PBXBuildFile; fileRef = B23F609227B7DC89004F38D1 /* nightClearSky.json */; };
		B23F60A527B7DC8C004F38D1 /* dayScatteredClouds.json in Resources */ = {isa = PBXBuildFile; fileRef = B23F609327B7DC8A004F38D1 /* dayScatteredClouds.json */; };
		B23F60A627B7DC8C004F38D1 /* nightScatteredClouds.json in Resources */ = {isa = PBXBuildFile; fileRef = B23F609427B7DC8A004F38D1 /* nightScatteredClouds.json */; };
		B23F60A727B7DC8C004F38D1 /* nightFewClouds.json in Resources */ = {isa = PBXBuildFile; fileRef = B23F609527B7DC8A004F38D1 /* nightFewClouds.json */; };
		B23F60A827B7DC8C004F38D1 /* nightSnow.json in Resources */ = {isa = PBXBuildFile; fileRef = B23F609627B7DC8A004F38D1 /* nightSnow.json */; };
		B23F60A927B7DC8C004F38D1 /* dayBrokenClouds.json in Resources */ = {isa = PBXBuildFile; fileRef = B23F609727B7DC8A004F38D1 /* dayBrokenClouds.json */; };
		B23F60AA27B7DC8C004F38D1 /* dayShowerRains.json in Resources */ = {isa = PBXBuildFile; fileRef = B23F609827B7DC8A004F38D1 /* dayShowerRains.json */; };
		B23F60AB27B7DC8C004F38D1 /* nightRain.json in Resources */ = {isa = PBXBuildFile; fileRef = B23F609927B7DC8A004F38D1 /* nightRain.json */; };
		B23F60AC27B7DC8C004F38D1 /* nightMist.json in Resources */ = {isa = PBXBuildFile; fileRef = B23F609A27B7DC8A004F38D1 /* nightMist.json */; };
		B23F60AD27B7DC8C004F38D1 /* dayFewClouds.json in Resources */ = {isa = PBXBuildFile; fileRef = B23F609B27B7DC8B004F38D1 /* dayFewClouds.json */; };
		B23F60AE27B7DC8C004F38D1 /* dayRain.json in Resources */ = {isa = PBXBuildFile; fileRef = B23F609C27B7DC8B004F38D1 /* dayRain.json */; };
		B23F60AF27B7DC8C004F38D1 /* daySnow.json in Resources */ = {isa = PBXBuildFile; fileRef = B23F609D27B7DC8B004F38D1 /* daySnow.json */; };
		B23F60B027B7DC8C004F38D1 /* dayMist.json in Resources */ = {isa = PBXBuildFile; fileRef = B23F609E27B7DC8B004F38D1 /* dayMist.json */; };
		B23F60B127B7DC8C004F38D1 /* nightBrokenClouds.json in Resources */ = {isa = PBXBuildFile; fileRef = B23F609F27B7DC8B004F38D1 /* nightBrokenClouds.json */; };
		B23F60B227B7DC8C004F38D1 /* nightShowerRains.json in Resources */ = {isa = PBXBuildFile; fileRef = B23F60A027B7DC8B004F38D1 /* nightShowerRains.json */; };
		B23F60B327B7DC8C004F38D1 /* nightThunderstorm.json in Resources */ = {isa = PBXBuildFile; fileRef = B23F60A127B7DC8C004F38D1 /* nightThunderstorm.json */; };
		B23F60B527B7DF98004F38D1 /* MenuHeaderView.swift in Sources */ = {isa = PBXBuildFile; fileRef = B23F60B427B7DF98004F38D1 /* MenuHeaderView.swift */; };
		B23F60B727B7E533004F38D1 /* CityNameView.swift in Sources */ = {isa = PBXBuildFile; fileRef = B23F60B627B7E533004F38D1 /* CityNameView.swift */; };
		B23F60B927B7E876004F38D1 /* TodayWeatherView.swift in Sources */ = {isa = PBXBuildFile; fileRef = B23F60B827B7E876004F38D1 /* TodayWeatherView.swift */; };
/* End PBXBuildFile section */

/* Begin PBXFileReference section */
		B23F606327B6C460004F38D1 /* WeatherApp.app */ = {isa = PBXFileReference; explicitFileType = wrapper.application; includeInIndex = 0; path = WeatherApp.app; sourceTree = BUILT_PRODUCTS_DIR; };
		B23F606627B6C460004F38D1 /* WeatherAppApp.swift */ = {isa = PBXFileReference; lastKnownFileType = sourcecode.swift; path = WeatherAppApp.swift; sourceTree = "<group>"; };
		B23F606827B6C460004F38D1 /* ContentView.swift */ = {isa = PBXFileReference; lastKnownFileType = sourcecode.swift; path = ContentView.swift; sourceTree = "<group>"; };
		B23F606A27B6C464004F38D1 /* Assets.xcassets */ = {isa = PBXFileReference; lastKnownFileType = folder.assetcatalog; path = Assets.xcassets; sourceTree = "<group>"; };
		B23F606D27B6C464004F38D1 /* Preview Assets.xcassets */ = {isa = PBXFileReference; lastKnownFileType = folder.assetcatalog; path = "Preview Assets.xcassets"; sourceTree = "<group>"; };
		B23F607927B6CDED004F38D1 /* API.swift */ = {isa = PBXFileReference; lastKnownFileType = sourcecode.swift; path = API.swift; sourceTree = "<group>"; };
		B23F607B27B6CE71004F38D1 /* API + Extensions.swift */ = {isa = PBXFileReference; lastKnownFileType = sourcecode.swift; path = "API + Extensions.swift"; sourceTree = "<group>"; };
		B23F607D27B6D180004F38D1 /* NetworkManager.swift */ = {isa = PBXFileReference; lastKnownFileType = sourcecode.swift; path = NetworkManager.swift; sourceTree = "<group>"; };
		B23F607F27B6E730004F38D1 /* WeatherResponse.swift */ = {isa = PBXFileReference; lastKnownFileType = sourcecode.swift; path = WeatherResponse.swift; sourceTree = "<group>"; };
		B23F608127B6E7B4004F38D1 /* Weather.swift */ = {isa = PBXFileReference; lastKnownFileType = sourcecode.swift; path = Weather.swift; sourceTree = "<group>"; };
		B23F608327B6E7F0004F38D1 /* WeatherDetail.swift */ = {isa = PBXFileReference; lastKnownFileType = sourcecode.swift; path = WeatherDetail.swift; sourceTree = "<group>"; };
		B23F608527B6E825004F38D1 /* DailyWeather.swift */ = {isa = PBXFileReference; lastKnownFileType = sourcecode.swift; path = DailyWeather.swift; sourceTree = "<group>"; };
		B23F608727B6E855004F38D1 /* Temperature.swift */ = {isa = PBXFileReference; lastKnownFileType = sourcecode.swift; path = Temperature.swift; sourceTree = "<group>"; };
		B23F608927B7A5DD004F38D1 /* CityViewViewModel.swift */ = {isa = PBXFileReference; lastKnownFileType = sourcecode.swift; path = CityViewViewModel.swift; sourceTree = "<group>"; };
		B23F608E27B7CF2C004F38D1 /* LottieView.swift */ = {isa = PBXFileReference; lastKnownFileType = sourcecode.swift; path = LottieView.swift; sourceTree = "<group>"; };
		B23F609027B7DC89004F38D1 /* dayClearSky.json */ = {isa = PBXFileReference; fileEncoding = 4; lastKnownFileType = text.json; path = dayClearSky.json; sourceTree = "<group>"; };
		B23F609127B7DC89004F38D1 /* dayThunderstorm.json */ = {isa = PBXFileReference; fileEncoding = 4; lastKnownFileType = text.json; path = dayThunderstorm.json; sourceTree = "<group>"; };
		B23F609227B7DC89004F38D1 /* nightClearSky.json */ = {isa = PBXFileReference; fileEncoding = 4; lastKnownFileType = text.json; path = nightClearSky.json; sourceTree = "<group>"; };
		B23F609327B7DC8A004F38D1 /* dayScatteredClouds.json */ = {isa = PBXFileReference; fileEncoding = 4; lastKnownFileType = text.json; path = dayScatteredClouds.json; sourceTree = "<group>"; };
		B23F609427B7DC8A004F38D1 /* nightScatteredClouds.json */ = {isa = PBXFileReference; fileEncoding = 4; lastKnownFileType = text.json; path = nightScatteredClouds.json; sourceTree = "<group>"; };
		B23F609527B7DC8A004F38D1 /* nightFewClouds.json */ = {isa = PBXFileReference; fileEncoding = 4; lastKnownFileType = text.json; path = nightFewClouds.json; sourceTree = "<group>"; };
		B23F609627B7DC8A004F38D1 /* nightSnow.json */ = {isa = PBXFileReference; fileEncoding = 4; lastKnownFileType = text.json; path = nightSnow.json; sourceTree = "<group>"; };
		B23F609727B7DC8A004F38D1 /* dayBrokenClouds.json */ = {isa = PBXFileReference; fileEncoding = 4; lastKnownFileType = text.json; path = dayBrokenClouds.json; sourceTree = "<group>"; };
		B23F609827B7DC8A004F38D1 /* dayShowerRains.json */ = {isa = PBXFileReference; fileEncoding = 4; lastKnownFileType = text.json; path = dayShowerRains.json; sourceTree = "<group>"; };
		B23F609927B7DC8A004F38D1 /* nightRain.json */ = {isa = PBXFileReference; fileEncoding = 4; lastKnownFileType = text.json; path = nightRain.json; sourceTree = "<group>"; };
		B23F609A27B7DC8A004F38D1 /* nightMist.json */ = {isa = PBXFileReference; fileEncoding = 4; lastKnownFileType = text.json; path = nightMist.json; sourceTree = "<group>"; };
		B23F609B27B7DC8B004F38D1 /* dayFewClouds.json */ = {isa = PBXFileReference; fileEncoding = 4; lastKnownFileType = text.json; path = dayFewClouds.json; sourceTree = "<group>"; };
		B23F609C27B7DC8B004F38D1 /* dayRain.json */ = {isa = PBXFileReference; fileEncoding = 4; lastKnownFileType = text.json; path = dayRain.json; sourceTree = "<group>"; };
		B23F609D27B7DC8B004F38D1 /* daySnow.json */ = {isa = PBXFileReference; fileEncoding = 4; lastKnownFileType = text.json; path = daySnow.json; sourceTree = "<group>"; };
		B23F609E27B7DC8B004F38D1 /* dayMist.json */ = {isa = PBXFileReference; fileEncoding = 4; lastKnownFileType = text.json; path = dayMist.json; sourceTree = "<group>"; };
		B23F609F27B7DC8B004F38D1 /* nightBrokenClouds.json */ = {isa = PBXFileReference; fileEncoding = 4; lastKnownFileType = text.json; path = nightBrokenClouds.json; sourceTree = "<group>"; };
		B23F60A027B7DC8B004F38D1 /* nightShowerRains.json */ = {isa = PBXFileReference; fileEncoding = 4; lastKnownFileType = text.json; path = nightShowerRains.json; sourceTree = "<group>"; };
		B23F60A127B7DC8C004F38D1 /* nightThunderstorm.json */ = {isa = PBXFileReference; fileEncoding = 4; lastKnownFileType = text.json; path = nightThunderstorm.json; sourceTree = "<group>"; };
		B23F60B427B7DF98004F38D1 /* MenuHeaderView.swift */ = {isa = PBXFileReference; lastKnownFileType = sourcecode.swift; path = MenuHeaderView.swift; sourceTree = "<group>"; };
		B23F60B627B7E533004F38D1 /* CityNameView.swift */ = {isa = PBXFileReference; lastKnownFileType = sourcecode.swift; path = CityNameView.swift; sourceTree = "<group>"; };
		B23F60B827B7E876004F38D1 /* TodayWeatherView.swift */ = {isa = PBXFileReference; lastKnownFileType = sourcecode.swift; path = TodayWeatherView.swift; sourceTree = "<group>"; };
/* End PBXFileReference section */

/* Begin PBXFrameworksBuildPhase section */
		B23F606027B6C460004F38D1 /* Frameworks */ = {
			isa = PBXFrameworksBuildPhase;
			buildActionMask = 2147483647;
			files = (
				B23F608D27B7C3F4004F38D1 /* Lottie in Frameworks */,
			);
			runOnlyForDeploymentPostprocessing = 0;
		};
/* End PBXFrameworksBuildPhase section */

/* Begin PBXGroup section */
		B23F605A27B6C460004F38D1 = {
			isa = PBXGroup;
			children = (
				B23F606527B6C460004F38D1 /* WeatherApp */,
				B23F606427B6C460004F38D1 /* Products */,
			);
			sourceTree = "<group>";
		};
		B23F606427B6C460004F38D1 /* Products */ = {
			isa = PBXGroup;
			children = (
				B23F606327B6C460004F38D1 /* WeatherApp.app */,
			);
			name = Products;
			sourceTree = "<group>";
		};
		B23F606527B6C460004F38D1 /* WeatherApp */ = {
			isa = PBXGroup;
			children = (
				B23F607827B6CD82004F38D1 /* LottieAnimations */,
				B23F607727B6CD64004F38D1 /* ViewModels */,
				B23F607627B6CD32004F38D1 /* Views */,
				B23F607527B6CD1A004F38D1 /* Models */,
				B23F607427B6CCD4004F38D1 /* Networking */,
				B23F606627B6C460004F38D1 /* WeatherAppApp.swift */,
				B23F606827B6C460004F38D1 /* ContentView.swift */,
				B23F606A27B6C464004F38D1 /* Assets.xcassets */,
				B23F606C27B6C464004F38D1 /* Preview Content */,
			);
			path = WeatherApp;
			sourceTree = "<group>";
		};
		B23F606C27B6C464004F38D1 /* Preview Content */ = {
			isa = PBXGroup;
			children = (
				B23F606D27B6C464004F38D1 /* Preview Assets.xcassets */,
			);
			path = "Preview Content";
			sourceTree = "<group>";
		};
		B23F607427B6CCD4004F38D1 /* Networking */ = {
			isa = PBXGroup;
			children = (
				B23F607927B6CDED004F38D1 /* API.swift */,
				B23F607B27B6CE71004F38D1 /* API + Extensions.swift */,
				B23F607D27B6D180004F38D1 /* NetworkManager.swift */,
			);
			path = Networking;
			sourceTree = "<group>";
		};
		B23F607527B6CD1A004F38D1 /* Models */ = {
			isa = PBXGroup;
			children = (
				B23F607F27B6E730004F38D1 /* WeatherResponse.swift */,
				B23F608127B6E7B4004F38D1 /* Weather.swift */,
				B23F608327B6E7F0004F38D1 /* WeatherDetail.swift */,
				B23F608527B6E825004F38D1 /* DailyWeather.swift */,
				B23F608727B6E855004F38D1 /* Temperature.swift */,
			);
			path = Models;
			sourceTree = "<group>";
		};
		B23F607627B6CD32004F38D1 /* Views */ = {
			isa = PBXGroup;
			children = (
				B23F608E27B7CF2C004F38D1 /* LottieView.swift */,
				B23F60B427B7DF98004F38D1 /* MenuHeaderView.swift */,
				B23F60B627B7E533004F38D1 /* CityNameView.swift */,
				B23F60B827B7E876004F38D1 /* TodayWeatherView.swift */,
			);
			path = Views;
			sourceTree = "<group>";
		};
		B23F607727B6CD64004F38D1 /* ViewModels */ = {
			isa = PBXGroup;
			children = (
				B23F608927B7A5DD004F38D1 /* CityViewViewModel.swift */,
			);
			path = ViewModels;
			sourceTree = "<group>";
		};
		B23F607827B6CD82004F38D1 /* LottieAnimations */ = {
			isa = PBXGroup;
			children = (
				B23F609727B7DC8A004F38D1 /* dayBrokenClouds.json */,
				B23F609027B7DC89004F38D1 /* dayClearSky.json */,
				B23F609B27B7DC8B004F38D1 /* dayFewClouds.json */,
				B23F609E27B7DC8B004F38D1 /* dayMist.json */,
				B23F609C27B7DC8B004F38D1 /* dayRain.json */,
				B23F609327B7DC8A004F38D1 /* dayScatteredClouds.json */,
				B23F609827B7DC8A004F38D1 /* dayShowerRains.json */,
				B23F609D27B7DC8B004F38D1 /* daySnow.json */,
				B23F609127B7DC89004F38D1 /* dayThunderstorm.json */,
				B23F609F27B7DC8B004F38D1 /* nightBrokenClouds.json */,
				B23F609227B7DC89004F38D1 /* nightClearSky.json */,
				B23F609527B7DC8A004F38D1 /* nightFewClouds.json */,
				B23F609A27B7DC8A004F38D1 /* nightMist.json */,
				B23F609927B7DC8A004F38D1 /* nightRain.json */,
				B23F609427B7DC8A004F38D1 /* nightScatteredClouds.json */,
				B23F60A027B7DC8B004F38D1 /* nightShowerRains.json */,
				B23F609627B7DC8A004F38D1 /* nightSnow.json */,
				B23F60A127B7DC8C004F38D1 /* nightThunderstorm.json */,
			);
			path = LottieAnimations;
			sourceTree = "<group>";
		};
/* End PBXGroup section */

/* Begin PBXNativeTarget section */
		B23F606227B6C460004F38D1 /* WeatherApp */ = {
			isa = PBXNativeTarget;
			buildConfigurationList = B23F607127B6C464004F38D1 /* Build configuration list for PBXNativeTarget "WeatherApp" */;
			buildPhases = (
				B23F605F27B6C460004F38D1 /* Sources */,
				B23F606027B6C460004F38D1 /* Frameworks */,
				B23F606127B6C460004F38D1 /* Resources */,
			);
			buildRules = (
			);
			dependencies = (
			);
			name = WeatherApp;
			packageProductDependencies = (
				B23F608C27B7C3F4004F38D1 /* Lottie */,
			);
			productName = WeatherApp;
			productReference = B23F606327B6C460004F38D1 /* WeatherApp.app */;
			productType = "com.apple.product-type.application";
		};
/* End PBXNativeTarget section */

/* Begin PBXProject section */
		B23F605B27B6C460004F38D1 /* Project object */ = {
			isa = PBXProject;
			attributes = {
				BuildIndependentTargetsInParallel = 1;
				LastSwiftUpdateCheck = 1320;
				LastUpgradeCheck = 1320;
				TargetAttributes = {
					B23F606227B6C460004F38D1 = {
						CreatedOnToolsVersion = 13.2.1;
					};
				};
			};
			buildConfigurationList = B23F605E27B6C460004F38D1 /* Build configuration list for PBXProject "WeatherApp" */;
			compatibilityVersion = "Xcode 13.0";
			developmentRegion = en;
			hasScannedForEncodings = 0;
			knownRegions = (
				en,
				Base,
			);
			mainGroup = B23F605A27B6C460004F38D1;
			packageReferences = (
				B23F608B27B7C3F4004F38D1 /* XCRemoteSwiftPackageReference "lottie-ios" */,
			);
			productRefGroup = B23F606427B6C460004F38D1 /* Products */;
			projectDirPath = "";
			projectRoot = "";
			targets = (
				B23F606227B6C460004F38D1 /* WeatherApp */,
			);
		};
/* End PBXProject section */

/* Begin PBXResourcesBuildPhase section */
		B23F606127B6C460004F38D1 /* Resources */ = {
			isa = PBXResourcesBuildPhase;
			buildActionMask = 2147483647;
			files = (
				B23F606E27B6C464004F38D1 /* Preview Assets.xcassets in Resources */,
				B23F60A727B7DC8C004F38D1 /* nightFewClouds.json in Resources */,
				B23F60A827B7DC8C004F38D1 /* nightSnow.json in Resources */,
				B23F60A627B7DC8C004F38D1 /* nightScatteredClouds.json in Resources */,
				B23F60AE27B7DC8C004F38D1 /* dayRain.json in Resources */,
				B23F60A427B7DC8C004F38D1 /* nightClearSky.json in Resources */,
				B23F60A527B7DC8C004F38D1 /* dayScatteredClouds.json in Resources */,
				B23F60B127B7DC8C004F38D1 /* nightBrokenClouds.json in Resources */,
				B23F60AA27B7DC8C004F38D1 /* dayShowerRains.json in Resources */,
				B23F60A327B7DC8C004F38D1 /* dayThunderstorm.json in Resources */,
				B23F60AF27B7DC8C004F38D1 /* daySnow.json in Resources */,
				B23F606B27B6C464004F38D1 /* Assets.xcassets in Resources */,
				B23F60B027B7DC8C004F38D1 /* dayMist.json in Resources */,
				B23F60AC27B7DC8C004F38D1 /* nightMist.json in Resources */,
				B23F60A227B7DC8C004F38D1 /* dayClearSky.json in Resources */,
				B23F60B327B7DC8C004F38D1 /* nightThunderstorm.json in Resources */,
				B23F60B227B7DC8C004F38D1 /* nightShowerRains.json in Resources */,
				B23F60AD27B7DC8C004F38D1 /* dayFewClouds.json in Resources */,
				B23F60AB27B7DC8C004F38D1 /* nightRain.json in Resources */,
				B23F60A927B7DC8C004F38D1 /* dayBrokenClouds.json in Resources */,
			);
			runOnlyForDeploymentPostprocessing = 0;
		};
/* End PBXResourcesBuildPhase section */

/* Begin PBXSourcesBuildPhase section */
		B23F605F27B6C460004F38D1 /* Sources */ = {
			isa = PBXSourcesBuildPhase;
			buildActionMask = 2147483647;
			files = (
				B23F606927B6C460004F38D1 /* ContentView.swift in Sources */,
				B23F608A27B7A5DD004F38D1 /* CityViewViewModel.swift in Sources */,
				B23F60B727B7E533004F38D1 /* CityNameView.swift in Sources */,
				B23F608427B6E7F0004F38D1 /* WeatherDetail.swift in Sources */,
				B23F608027B6E730004F38D1 /* WeatherResponse.swift in Sources */,
				B23F607A27B6CDED004F38D1 /* API.swift in Sources */,
				B23F607E27B6D180004F38D1 /* NetworkManager.swift in Sources */,
				B23F607C27B6CE71004F38D1 /* API + Extensions.swift in Sources */,
				B23F60B527B7DF98004F38D1 /* MenuHeaderView.swift in Sources */,
				B23F606727B6C460004F38D1 /* WeatherAppApp.swift in Sources */,
				B23F608227B6E7B4004F38D1 /* Weather.swift in Sources */,
				B23F60B927B7E876004F38D1 /* TodayWeatherView.swift in Sources */,
				B23F608827B6E855004F38D1 /* Temperature.swift in Sources */,
				B23F608627B6E825004F38D1 /* DailyWeather.swift in Sources */,
				B23F608F27B7CF2C004F38D1 /* LottieView.swift in Sources */,
			);
			runOnlyForDeploymentPostprocessing = 0;
		};
/* End PBXSourcesBuildPhase section */

/* Begin XCBuildConfiguration section */
		B23F606F27B6C464004F38D1 /* Debug */ = {
			isa = XCBuildConfiguration;
			buildSettings = {
				ALWAYS_SEARCH_USER_PATHS = NO;
				CLANG_ANALYZER_NONNULL = YES;
				CLANG_ANALYZER_NUMBER_OBJECT_CONVERSION = YES_AGGRESSIVE;
				CLANG_CXX_LANGUAGE_STANDARD = "gnu++17";
				CLANG_CXX_LIBRARY = "libc++";
				CLANG_ENABLE_MODULES = YES;
				CLANG_ENABLE_OBJC_ARC = YES;
				CLANG_ENABLE_OBJC_WEAK = YES;
				CLANG_WARN_BLOCK_CAPTURE_AUTORELEASING = YES;
				CLANG_WARN_BOOL_CONVERSION = YES;
				CLANG_WARN_COMMA = YES;
				CLANG_WARN_CONSTANT_CONVERSION = YES;
				CLANG_WARN_DEPRECATED_OBJC_IMPLEMENTATIONS = YES;
				CLANG_WARN_DIRECT_OBJC_ISA_USAGE = YES_ERROR;
				CLANG_WARN_DOCUMENTATION_COMMENTS = YES;
				CLANG_WARN_EMPTY_BODY = YES;
				CLANG_WARN_ENUM_CONVERSION = YES;
				CLANG_WARN_INFINITE_RECURSION = YES;
				CLANG_WARN_INT_CONVERSION = YES;
				CLANG_WARN_NON_LITERAL_NULL_CONVERSION = YES;
				CLANG_WARN_OBJC_IMPLICIT_RETAIN_SELF = YES;
				CLANG_WARN_OBJC_LITERAL_CONVERSION = YES;
				CLANG_WARN_OBJC_ROOT_CLASS = YES_ERROR;
				CLANG_WARN_QUOTED_INCLUDE_IN_FRAMEWORK_HEADER = YES;
				CLANG_WARN_RANGE_LOOP_ANALYSIS = YES;
				CLANG_WARN_STRICT_PROTOTYPES = YES;
				CLANG_WARN_SUSPICIOUS_MOVE = YES;
				CLANG_WARN_UNGUARDED_AVAILABILITY = YES_AGGRESSIVE;
				CLANG_WARN_UNREACHABLE_CODE = YES;
				CLANG_WARN__DUPLICATE_METHOD_MATCH = YES;
				COPY_PHASE_STRIP = NO;
				DEBUG_INFORMATION_FORMAT = dwarf;
				ENABLE_STRICT_OBJC_MSGSEND = YES;
				ENABLE_TESTABILITY = YES;
				GCC_C_LANGUAGE_STANDARD = gnu11;
				GCC_DYNAMIC_NO_PIC = NO;
				GCC_NO_COMMON_BLOCKS = YES;
				GCC_OPTIMIZATION_LEVEL = 0;
				GCC_PREPROCESSOR_DEFINITIONS = (
					"DEBUG=1",
					"$(inherited)",
				);
				GCC_WARN_64_TO_32_BIT_CONVERSION = YES;
				GCC_WARN_ABOUT_RETURN_TYPE = YES_ERROR;
				GCC_WARN_UNDECLARED_SELECTOR = YES;
				GCC_WARN_UNINITIALIZED_AUTOS = YES_AGGRESSIVE;
				GCC_WARN_UNUSED_FUNCTION = YES;
				GCC_WARN_UNUSED_VARIABLE = YES;
				IPHONEOS_DEPLOYMENT_TARGET = 15.2;
				MTL_ENABLE_DEBUG_INFO = INCLUDE_SOURCE;
				MTL_FAST_MATH = YES;
				ONLY_ACTIVE_ARCH = YES;
				SDKROOT = iphoneos;
				SWIFT_ACTIVE_COMPILATION_CONDITIONS = DEBUG;
				SWIFT_OPTIMIZATION_LEVEL = "-Onone";
			};
			name = Debug;
		};
		B23F607027B6C464004F38D1 /* Release */ = {
			isa = XCBuildConfiguration;
			buildSettings = {
				ALWAYS_SEARCH_USER_PATHS = NO;
				CLANG_ANALYZER_NONNULL = YES;
				CLANG_ANALYZER_NUMBER_OBJECT_CONVERSION = YES_AGGRESSIVE;
				CLANG_CXX_LANGUAGE_STANDARD = "gnu++17";
				CLANG_CXX_LIBRARY = "libc++";
				CLANG_ENABLE_MODULES = YES;
				CLANG_ENABLE_OBJC_ARC = YES;
				CLANG_ENABLE_OBJC_WEAK = YES;
				CLANG_WARN_BLOCK_CAPTURE_AUTORELEASING = YES;
				CLANG_WARN_BOOL_CONVERSION = YES;
				CLANG_WARN_COMMA = YES;
				CLANG_WARN_CONSTANT_CONVERSION = YES;
				CLANG_WARN_DEPRECATED_OBJC_IMPLEMENTATIONS = YES;
				CLANG_WARN_DIRECT_OBJC_ISA_USAGE = YES_ERROR;
				CLANG_WARN_DOCUMENTATION_COMMENTS = YES;
				CLANG_WARN_EMPTY_BODY = YES;
				CLANG_WARN_ENUM_CONVERSION = YES;
				CLANG_WARN_INFINITE_RECURSION = YES;
				CLANG_WARN_INT_CONVERSION = YES;
				CLANG_WARN_NON_LITERAL_NULL_CONVERSION = YES;
				CLANG_WARN_OBJC_IMPLICIT_RETAIN_SELF = YES;
				CLANG_WARN_OBJC_LITERAL_CONVERSION = YES;
				CLANG_WARN_OBJC_ROOT_CLASS = YES_ERROR;
				CLANG_WARN_QUOTED_INCLUDE_IN_FRAMEWORK_HEADER = YES;
				CLANG_WARN_RANGE_LOOP_ANALYSIS = YES;
				CLANG_WARN_STRICT_PROTOTYPES = YES;
				CLANG_WARN_SUSPICIOUS_MOVE = YES;
				CLANG_WARN_UNGUARDED_AVAILABILITY = YES_AGGRESSIVE;
				CLANG_WARN_UNREACHABLE_CODE = YES;
				CLANG_WARN__DUPLICATE_METHOD_MATCH = YES;
				COPY_PHASE_STRIP = NO;
				DEBUG_INFORMATION_FORMAT = "dwarf-with-dsym";
				ENABLE_NS_ASSERTIONS = NO;
				ENABLE_STRICT_OBJC_MSGSEND = YES;
				GCC_C_LANGUAGE_STANDARD = gnu11;
				GCC_NO_COMMON_BLOCKS = YES;
				GCC_WARN_64_TO_32_BIT_CONVERSION = YES;
				GCC_WARN_ABOUT_RETURN_TYPE = YES_ERROR;
				GCC_WARN_UNDECLARED_SELECTOR = YES;
				GCC_WARN_UNINITIALIZED_AUTOS = YES_AGGRESSIVE;
				GCC_WARN_UNUSED_FUNCTION = YES;
				GCC_WARN_UNUSED_VARIABLE = YES;
				IPHONEOS_DEPLOYMENT_TARGET = 15.2;
				MTL_ENABLE_DEBUG_INFO = NO;
				MTL_FAST_MATH = YES;
				SDKROOT = iphoneos;
				SWIFT_COMPILATION_MODE = wholemodule;
				SWIFT_OPTIMIZATION_LEVEL = "-O";
				VALIDATE_PRODUCT = YES;
			};
			name = Release;
		};
		B23F607227B6C464004F38D1 /* Debug */ = {
			isa = XCBuildConfiguration;
			buildSettings = {
				ASSETCATALOG_COMPILER_APPICON_NAME = AppIcon;
				ASSETCATALOG_COMPILER_GLOBAL_ACCENT_COLOR_NAME = AccentColor;
				CODE_SIGN_STYLE = Automatic;
				CURRENT_PROJECT_VERSION = 1;
				DEVELOPMENT_ASSET_PATHS = "\"WeatherApp/Preview Content\"";
				DEVELOPMENT_TEAM = 9LDWUP27AK;
				ENABLE_PREVIEWS = YES;
				GENERATE_INFOPLIST_FILE = YES;
				INFOPLIST_KEY_UIApplicationSceneManifest_Generation = YES;
				INFOPLIST_KEY_UIApplicationSupportsIndirectInputEvents = YES;
				INFOPLIST_KEY_UILaunchScreen_Generation = YES;
				INFOPLIST_KEY_UISupportedInterfaceOrientations_iPad = "UIInterfaceOrientationPortrait UIInterfaceOrientationPortraitUpsideDown UIInterfaceOrientationLandscapeLeft UIInterfaceOrientationLandscapeRight";
				INFOPLIST_KEY_UISupportedInterfaceOrientations_iPhone = "UIInterfaceOrientationPortrait UIInterfaceOrientationLandscapeLeft UIInterfaceOrientationLandscapeRight";
				LD_RUNPATH_SEARCH_PATHS = (
					"$(inherited)",
					"@executable_path/Frameworks",
				);
				MARKETING_VERSION = 1.0;
				PRODUCT_BUNDLE_IDENTIFIER = com.mysite.WeatherApp;
				PRODUCT_NAME = "$(TARGET_NAME)";
				SWIFT_EMIT_LOC_STRINGS = YES;
				SWIFT_VERSION = 5.0;
				TARGETED_DEVICE_FAMILY = "1,2";
			};
			name = Debug;
		};
		B23F607327B6C464004F38D1 /* Release */ = {
			isa = XCBuildConfiguration;
			buildSettings = {
				ASSETCATALOG_COMPILER_APPICON_NAME = AppIcon;
				ASSETCATALOG_COMPILER_GLOBAL_ACCENT_COLOR_NAME = AccentColor;
				CODE_SIGN_STYLE = Automatic;
				CURRENT_PROJECT_VERSION = 1;
				DEVELOPMENT_ASSET_PATHS = "\"WeatherApp/Preview Content\"";
				DEVELOPMENT_TEAM = 9LDWUP27AK;
				ENABLE_PREVIEWS = YES;
				GENERATE_INFOPLIST_FILE = YES;
				INFOPLIST_KEY_UIApplicationSceneManifest_Generation = YES;
				INFOPLIST_KEY_UIApplicationSupportsIndirectInputEvents = YES;
				INFOPLIST_KEY_UILaunchScreen_Generation = YES;
				INFOPLIST_KEY_UISupportedInterfaceOrientations_iPad = "UIInterfaceOrientationPortrait UIInterfaceOrientationPortraitUpsideDown UIInterfaceOrientationLandscapeLeft UIInterfaceOrientationLandscapeRight";
				INFOPLIST_KEY_UISupportedInterfaceOrientations_iPhone = "UIInterfaceOrientationPortrait UIInterfaceOrientationLandscapeLeft UIInterfaceOrientationLandscapeRight";
				LD_RUNPATH_SEARCH_PATHS = (
					"$(inherited)",
					"@executable_path/Frameworks",
				);
				MARKETING_VERSION = 1.0;
				PRODUCT_BUNDLE_IDENTIFIER = com.mysite.WeatherApp;
				PRODUCT_NAME = "$(TARGET_NAME)";
				SWIFT_EMIT_LOC_STRINGS = YES;
				SWIFT_VERSION = 5.0;
				TARGETED_DEVICE_FAMILY = "1,2";
			};
			name = Release;
		};
/* End XCBuildConfiguration section */

/* Begin XCConfigurationList section */
		B23F605E27B6C460004F38D1 /* Build configuration list for PBXProject "WeatherApp" */ = {
			isa = XCConfigurationList;
			buildConfigurations = (
				B23F606F27B6C464004F38D1 /* Debug */,
				B23F607027B6C464004F38D1 /* Release */,
			);
			defaultConfigurationIsVisible = 0;
			defaultConfigurationName = Release;
		};
		B23F607127B6C464004F38D1 /* Build configuration list for PBXNativeTarget "WeatherApp" */ = {
			isa = XCConfigurationList;
			buildConfigurations = (
				B23F607227B6C464004F38D1 /* Debug */,
				B23F607327B6C464004F38D1 /* Release */,
			);
			defaultConfigurationIsVisible = 0;
			defaultConfigurationName = Release;
		};
/* End XCConfigurationList section */

/* Begin XCRemoteSwiftPackageReference section */
		B23F608B27B7C3F4004F38D1 /* XCRemoteSwiftPackageReference "lottie-ios" */ = {
			isa = XCRemoteSwiftPackageReference;
			repositoryURL = "https://github.com/airbnb/lottie-ios.git";
			requirement = {
				kind = upToNextMajorVersion;
				minimumVersion = 3.0.0;
			};
		};
/* End XCRemoteSwiftPackageReference section */

/* Begin XCSwiftPackageProductDependency section */
		B23F608C27B7C3F4004F38D1 /* Lottie */ = {
			isa = XCSwiftPackageProductDependency;
			package = B23F608B27B7C3F4004F38D1 /* XCRemoteSwiftPackageReference "lottie-ios" */;
			productName = Lottie;
		};
/* End XCSwiftPackageProductDependency section */
	};
	rootObject = B23F605B27B6C460004F38D1 /* Project object */;
}
